{
  "object": {
    "pins": [
      {
        "package": "async-http-client",
        "repositoryURL": "https://github.com/swift-server/async-http-client.git",
        "state": {
          "branch": null,
          "revision": "7a4dfe026f6ee0f8ad741b58df74c60af296365d",
          "version": "1.9.0"
        }
      },
      {
        "package": "async-kit",
        "repositoryURL": "https://github.com/vapor/async-kit.git",
        "state": {
          "branch": null,
          "revision": "e2f741640364c1d271405da637029ea6a33f754e",
          "version": "1.11.1"
        }
      },
      {
        "package": "console-kit",
        "repositoryURL": "https://github.com/vapor/console-kit.git",
        "state": {
          "branch": null,
          "revision": "75ea3b627d88221440b878e5dfccc73fd06842ed",
          "version": "4.2.7"
        }
      },
      {
        "package": "feather-api",
        "repositoryURL": "https://github.com/feathercms/feather-api",
        "state": {
          "branch": "main",
          "revision": "2f55946211f59ce0bacd1274a3a30fc2d22262ac",
          "version": null
        }
      },
      {
        "package": "feather-icons",
        "repositoryURL": "https://github.com/feathercms/feather-icons",
        "state": {
          "branch": "main",
          "revision": "2d1e6715ad6f6a810434f1306d5d94691d1338d7",
          "version": null
        }
      },
      {
        "package": "fluent",
        "repositoryURL": "https://github.com/vapor/fluent",
        "state": {
          "branch": null,
          "revision": "ea707ee318066a073c95b2b2df1aa640fcb67f9e",
          "version": "4.4.0"
        }
      },
      {
        "package": "fluent-kit",
        "repositoryURL": "https://github.com/vapor/fluent-kit.git",
        "state": {
          "branch": null,
          "revision": "9c7fbdc931ef6afa2dcd45edf253d25cadbbd5fc",
          "version": "1.22.0"
        }
      },
      {
        "package": "fluent-sqlite-driver",
        "repositoryURL": "https://github.com/vapor/fluent-sqlite-driver",
        "state": {
          "branch": null,
          "revision": "9ca34be792979fb0f1dbd8e45b8af9f1e1440474",
          "version": "4.1.0"
        }
      },
      {
        "package": "jmespath.swift",
        "repositoryURL": "https://github.com/adam-fowler/jmespath.swift.git",
        "state": {
          "branch": null,
          "revision": "4513d319c4aaa6c3b2ac18e1e6566a803515ad91",
          "version": "1.0.2"
        }
      },
      {
        "package": "liquid",
        "repositoryURL": "https://github.com/binarybirds/liquid",
        "state": {
          "branch": null,
          "revision": "865eca0fd64273fd4352c26db6f0019d254102cb",
          "version": "1.3.2"
        }
      },
      {
        "package": "liquid-kit",
        "repositoryURL": "https://github.com/binarybirds/liquid-kit.git",
        "state": {
          "branch": null,
          "revision": "d2532e66faad5df4c63d85c7a2fdecc25a679916",
          "version": "1.3.4"
        }
      },
      {
        "package": "liquid-local-driver",
        "repositoryURL": "https://github.com/binarybirds/liquid-local-driver",
        "state": {
          "branch": null,
          "revision": "b068a1ab399d21f5d4b60eb4b0568fad4c398a59",
          "version": "1.3.2"
        }
      },
      {
        "package": "mail",
        "repositoryURL": "https://github.com/binarybirds/mail",
        "state": {
          "branch": null,
          "revision": "f1dc8be5ea3b80952fb000b32d69609961b0b3bf",
          "version": "0.0.2"
        }
      },
      {
        "package": "mail-aws-driver",
        "repositoryURL": "https://github.com/binarybirds/mail-aws-driver",
        "state": {
          "branch": null,
          "revision": "8fa1e8056a44170f2baef95fb06da609986180e9",
          "version": "0.0.1"
        }
      },
      {
        "package": "mail-kit",
        "repositoryURL": "https://github.com/binarybirds/mail-kit.git",
        "state": {
          "branch": null,
          "revision": "3432472362c20e1537da8047c134f223b59dadd2",
          "version": "0.0.1"
        }
      },
      {
        "package": "multipart-kit",
        "repositoryURL": "https://github.com/vapor/multipart-kit.git",
        "state": {
          "branch": null,
          "revision": "2dd9368a3c9580792b77c7ef364f3735909d9996",
          "version": "4.5.1"
        }
      },
      {
        "package": "routing-kit",
        "repositoryURL": "https://github.com/vapor/routing-kit.git",
        "state": {
          "branch": null,
          "revision": "5603b81ceb744b8318feab1e60943704977a866b",
          "version": "4.3.1"
        }
      },
      {
        "package": "soto",
        "repositoryURL": "https://github.com/soto-project/soto.git",
        "state": {
          "branch": null,
          "revision": "b98994beabdced18cbedbe50e947e6f2c8e0d602",
          "version": "5.12.1"
        }
      },
      {
        "package": "soto-core",
        "repositoryURL": "https://github.com/soto-project/soto-core.git",
        "state": {
          "branch": null,
          "revision": "a216ea49b9ff2480ccbc5880b1aa648032433798",
          "version": "5.9.2"
        }
      },
      {
        "package": "sql-kit",
        "repositoryURL": "https://github.com/vapor/sql-kit.git",
        "state": {
          "branch": null,
          "revision": "9cc30f8cef132e91a07e36005612b37f918731fc",
          "version": "3.16.0"
        }
      },
      {
        "package": "sqlite-kit",
        "repositoryURL": "https://github.com/vapor/sqlite-kit.git",
        "state": {
          "branch": null,
          "revision": "0b3b12b032991de3ab5999b428a652ec29139746",
          "version": "4.1.0"
        }
      },
      {
        "package": "sqlite-nio",
        "repositoryURL": "https://github.com/vapor/sqlite-nio.git",
        "state": {
          "branch": null,
          "revision": "6481dd0b01112d082dd7eb362782126e81964138",
          "version": "1.1.0"
        }
      },
      {
        "package": "swift-backtrace",
        "repositoryURL": "https://github.com/swift-server/swift-backtrace.git",
        "state": {
          "branch": null,
          "revision": "d3e04a9d4b3833363fb6192065b763310b156d54",
          "version": "1.3.1"
        }
      },
      {
        "package": "swift-crypto",
        "repositoryURL": "https://github.com/apple/swift-crypto.git",
        "state": {
          "branch": null,
          "revision": "a8911e0fadc25aef1071d582355bd1037a176060",
          "version": "2.0.4"
        }
      },
      {
        "package": "swift-html",
        "repositoryURL": "https://github.com/binarybirds/swift-html",
        "state": {
          "branch": null,
          "revision": "b2620a6747fd664c892cfd20ff38d4c445bfa0d3",
          "version": "1.6.8"
        }
      },
      {
        "package": "swift-log",
        "repositoryURL": "https://github.com/apple/swift-log.git",
        "state": {
          "branch": null,
          "revision": "5d66f7ba25daf4f94100e7022febf3c75e37a6c7",
          "version": "1.4.2"
        }
      },
      {
        "package": "swift-metrics",
        "repositoryURL": "https://github.com/apple/swift-metrics.git",
        "state": {
          "branch": null,
          "revision": "3edd2f57afc4e68e23c3e4956bc8b65ca6b5b2ff",
          "version": "2.2.0"
        }
      },
      {
        "package": "swift-nio",
        "repositoryURL": "https://github.com/apple/swift-nio.git",
        "state": {
          "branch": null,
          "revision": "154f1d32366449dcccf6375a173adf4ed2a74429",
          "version": "2.38.0"
        }
      },
      {
        "package": "swift-nio-extras",
        "repositoryURL": "https://github.com/apple/swift-nio-extras.git",
        "state": {
          "branch": null,
          "revision": "f73ca5ee9c6806800243f1ac415fcf82de9a4c91",
          "version": "1.10.2"
        }
      },
      {
        "package": "swift-nio-http2",
        "repositoryURL": "https://github.com/apple/swift-nio-http2.git",
        "state": {
          "branch": null,
          "revision": "000ca94f9de92c95b9ac85d44600b7b0fe25a3e5",
          "version": "1.19.2"
        }
      },
      {
        "package": "swift-nio-ssl",
        "repositoryURL": "https://github.com/apple/swift-nio-ssl.git",
        "state": {
          "branch": null,
          "revision": "52a486ff6de9bc3e26bf634c5413c41c5fa89ca5",
          "version": "2.17.2"
        }
      },
      {
        "package": "swift-nio-transport-services",
        "repositoryURL": "https://github.com/apple/swift-nio-transport-services.git",
        "state": {
          "branch": null,
          "revision": "8ab824b140d0ebcd87e9149266ddc353e3705a3e",
          "version": "1.11.4"
        }
      },
      {
        "package": "vapor",
        "repositoryURL": "https://github.com/vapor/vapor",
        "state": {
          "branch": null,
          "revision": "18e9419cae5049e43ca1e8002ca3cf0449f2c8ed",
          "version": "4.55.0"
        }
      },
      {
        "package": "websocket-kit",
        "repositoryURL": "https://github.com/vapor/websocket-kit.git",
        "state": {
          "branch": null,
          "revision": "ff8fbce837ef01a93d49c6fb49a72be0f150dac7",
          "version": "2.3.0"
        }
      }
    ]
  },
  "version": 1
}
