{
  "object": {
    "pins": [
      {
        "package": "admin-module",
        "repositoryURL": "https://github.com/feather-modules/admin",
        "state": {
          "branch": "main",
          "revision": "6c3d203a74e3f7eebe5f088b46fdeee987629c9b",
          "version": null
        }
      },
      {
        "package": "api-module",
        "repositoryURL": "https://github.com/feather-modules/api",
        "state": {
          "branch": "main",
          "revision": "4d744b6970e3d9faba8f0f7fd91e1785813babca",
          "version": null
        }
      },
      {
        "package": "async-http-client",
        "repositoryURL": "https://github.com/swift-server/async-http-client.git",
        "state": {
          "branch": null,
          "revision": "4b4d6605aa2e4f0c2ae3c7563795ae3bec259fff",
          "version": "1.2.1"
        }
      },
      {
        "package": "async-kit",
        "repositoryURL": "https://github.com/vapor/async-kit.git",
        "state": {
          "branch": null,
          "revision": "7457413e57dbfac762b32dd30c1caf2c55a02a3d",
          "version": "1.2.0"
        }
      },
      {
        "package": "console-kit",
        "repositoryURL": "https://github.com/vapor/console-kit.git",
        "state": {
          "branch": null,
          "revision": "7cf8185ad62d50ae9777ce78bcfde8f5c9f900e2",
          "version": "4.2.1"
        }
      },
      {
        "package": "content-api",
        "repositoryURL": "https://github.com/binarybirds/content-api",
        "state": {
          "branch": null,
          "revision": "e1c7d49a571758a1e897de4285e9392338443f2e",
          "version": "1.0.4"
        }
      },
      {
        "package": "feather-core",
        "repositoryURL": "https://github.com/binarybirds/feather-core",
        "state": {
          "branch": "main",
          "revision": "dfd249ca716e93ac1a63118abf926a84677528fb",
          "version": null
        }
      },
      {
        "package": "fluent",
        "repositoryURL": "https://github.com/vapor/fluent",
        "state": {
          "branch": null,
          "revision": "e681c93df3201a2d8ceef15e8a9a0634578df233",
          "version": "4.0.0"
        }
      },
      {
        "package": "fluent-kit",
        "repositoryURL": "https://github.com/vapor/fluent-kit.git",
        "state": {
          "branch": null,
          "revision": "ef2a9a76c48856f0388ee2026d67d2ebde8c571c",
          "version": "1.7.3"
        }
      },
      {
        "package": "fluent-sqlite-driver",
        "repositoryURL": "https://github.com/vapor/fluent-sqlite-driver",
        "state": {
          "branch": null,
          "revision": "6f29f6f182c812075f09c7575c18ac5535c26824",
          "version": "4.0.1"
        }
      },
      {
        "package": "frontend-module",
        "repositoryURL": "https://github.com/feather-modules/frontend",
        "state": {
          "branch": "main",
          "revision": "56f826b5c14391315d9e4626a48fae4255504d47",
          "version": null
        }
      },
      {
        "package": "Ink",
        "repositoryURL": "https://github.com/JohnSundell/Ink",
        "state": {
          "branch": null,
          "revision": "bd223a2482449507bd3286cb262c962d32d81e4b",
          "version": "0.5.0"
        }
      },
      {
        "package": "jwt",
        "repositoryURL": "https://github.com/vapor/jwt",
        "state": {
          "branch": null,
          "revision": "46eddb526fa70fd9d765a3bdffac73b2be487cfc",
          "version": "4.0.0"
        }
      },
      {
        "package": "jwt-kit",
        "repositoryURL": "https://github.com/vapor/jwt-kit.git",
        "state": {
          "branch": null,
          "revision": "50a46ba65fa4e2c1bb3783ec7464b42232a23ee2",
          "version": "4.1.0"
        }
      },
      {
        "package": "leaf",
        "repositoryURL": "https://github.com/vapor/leaf",
        "state": {
          "branch": null,
          "revision": "6fc9ec82f5098ab93933e19ceb4ef030f52d646c",
          "version": "4.0.0-rc.1.4"
        }
      },
      {
        "package": "leaf-kit",
        "repositoryURL": "https://github.com/vapor/leaf-kit.git",
        "state": {
          "branch": null,
          "revision": "a3623bd217d1c0327839afbc0bdc2351f7d06c1a",
          "version": "1.0.0-rc.1.17"
        }
      },
      {
        "package": "liquid",
        "repositoryURL": "https://github.com/binarybirds/liquid",
        "state": {
          "branch": null,
          "revision": "8c7e219fb92c4e4ce8462eb0497732398b974120",
          "version": "1.0.2"
        }
      },
      {
        "package": "liquid-kit",
        "repositoryURL": "https://github.com/binarybirds/liquid-kit.git",
        "state": {
          "branch": null,
          "revision": "6e5eeb0290c98f3bdc13271a2bc27391b1b43062",
          "version": "1.0.2"
        }
      },
      {
        "package": "liquid-local-driver",
        "repositoryURL": "https://github.com/binarybirds/liquid-local-driver",
        "state": {
          "branch": null,
          "revision": "7107c23fc41ee85bed22c94f29d33962bb3239ec",
          "version": "1.0.3"
        }
      },
      {
        "package": "markdown-module",
        "repositoryURL": "https://github.com/feather-modules/markdown",
        "state": {
          "branch": "main",
          "revision": "540a3c5f537397e78f5725adad261d4ec96b0692",
          "version": null
        }
      },
      {
        "package": "redirect-module",
        "repositoryURL": "https://github.com/feather-modules/redirect",
        "state": {
          "branch": "main",
          "revision": "b07eebcd074429b5d77f0f47524521c9bf9a3bc1",
          "version": null
        }
      },
      {
        "package": "routing-kit",
        "repositoryURL": "https://github.com/vapor/routing-kit.git",
        "state": {
          "branch": null,
          "revision": "4cf052b78aebaf1b23f2264ce04d57b4b6eb5254",
          "version": "4.2.0"
        }
      },
      {
        "package": "Splash",
        "repositoryURL": "https://github.com/JohnSundell/Splash",
        "state": {
          "branch": null,
          "revision": "ca9a1b7bff35381fe5ae9fe2ec9333cc5f2a586c",
          "version": "0.13.0"
        }
      },
      {
        "package": "sponsor-module",
        "repositoryURL": "https://github.com/feather-modules/sponsor",
        "state": {
          "branch": "main",
          "revision": "cea02511bc315d687a1996dc3a9b6d67d4aac829",
          "version": null
        }
      },
      {
        "package": "sql-kit",
        "repositoryURL": "https://github.com/vapor/sql-kit.git",
        "state": {
          "branch": null,
          "revision": "ea9928b7f4a801b175a00b982034d9c54ecb6167",
          "version": "3.7.0"
        }
      },
      {
        "package": "sqlite-kit",
        "repositoryURL": "https://github.com/vapor/sqlite-kit.git",
        "state": {
          "branch": null,
          "revision": "2ec279b9c845cec254646834b66338551a024561",
          "version": "4.0.2"
        }
      },
      {
        "package": "sqlite-nio",
        "repositoryURL": "https://github.com/vapor/sqlite-nio.git",
        "state": {
          "branch": null,
          "revision": "2e9ae8aab4f20a372901047e0aaf051783eb8bd7",
          "version": "1.0.0"
        }
      },
      {
        "package": "swift-backtrace",
        "repositoryURL": "https://github.com/swift-server/swift-backtrace.git",
        "state": {
          "branch": null,
          "revision": "f2fd8c4845a123419c348e0bc4b3839c414077d5",
          "version": "1.2.0"
        }
      },
      {
        "package": "swift-crypto",
        "repositoryURL": "https://github.com/apple/swift-crypto.git",
        "state": {
          "branch": null,
          "revision": "9b9d1868601a199334da5d14f4ab2d37d4f8d0c5",
          "version": "1.0.2"
        }
      },
      {
        "package": "swift-log",
        "repositoryURL": "https://github.com/apple/swift-log.git",
        "state": {
          "branch": null,
          "revision": "173f567a2dfec11d74588eea82cecea555bdc0bc",
          "version": "1.4.0"
        }
      },
      {
        "package": "swift-metrics",
        "repositoryURL": "https://github.com/apple/swift-metrics.git",
        "state": {
          "branch": null,
          "revision": "708b960b4605abb20bc55d65abf6bad607252200",
          "version": "2.0.0"
        }
      },
      {
        "package": "swift-nio",
        "repositoryURL": "https://github.com/apple/swift-nio.git",
        "state": {
          "branch": null,
          "revision": "5fc24345f92ec4c274121776c215ab0aa1ed4d50",
          "version": "2.22.0"
        }
      },
      {
        "package": "swift-nio-extras",
        "repositoryURL": "https://github.com/apple/swift-nio-extras.git",
        "state": {
          "branch": null,
          "revision": "e5b5d191a80667a14827bfeb0ae4a511f7677942",
          "version": "1.7.0"
        }
      },
      {
        "package": "swift-nio-http2",
        "repositoryURL": "https://github.com/apple/swift-nio-http2.git",
        "state": {
          "branch": null,
          "revision": "1e68e51752be0b43c5a0ef35818c1dd24d13e77c",
          "version": "1.14.1"
        }
      },
      {
        "package": "swift-nio-ssl",
        "repositoryURL": "https://github.com/apple/swift-nio-ssl.git",
        "state": {
          "branch": null,
          "revision": "ea1dfd64193bf5af4490635a4a44c4fb43b1e1ae",
          "version": "2.9.1"
        }
      },
      {
        "package": "swift-nio-transport-services",
        "repositoryURL": "https://github.com/apple/swift-nio-transport-services.git",
        "state": {
          "branch": null,
          "revision": "bb56586c4cab9a79dce6ec4738baddb5802c5de7",
          "version": "1.9.0"
        }
      },
      {
        "package": "swifty-module",
        "repositoryURL": "https://github.com/feather-modules/swifty",
        "state": {
          "branch": "main",
          "revision": "9df9b2485f7b4df18f5e548bbee7922e5944a29f",
          "version": null
        }
      },
      {
        "package": "system-module",
        "repositoryURL": "https://github.com/feather-modules/system",
        "state": {
          "branch": "main",
          "revision": "f15bfa80d31ed8dd7b861427626689ac4d3f5580",
          "version": null
        }
      },
      {
        "package": "user-module",
        "repositoryURL": "https://github.com/feather-modules/user",
        "state": {
          "branch": "main",
          "revision": "1add80eb307027d4fd73175f3d63d9d1671e824b",
          "version": null
        }
      },
      {
        "package": "vapor",
        "repositoryURL": "https://github.com/vapor/vapor",
        "state": {
          "branch": null,
          "revision": "66f412bcb276c09ad3a5df263f159cee9fecc310",
          "version": "4.29.1"
        }
      },
      {
        "package": "view-kit",
        "repositoryURL": "https://github.com/binarybirds/view-kit",
        "state": {
          "branch": null,
          "revision": "e61d48361f46ea8f66d96208e7fd14920a22610a",
          "version": "1.2.0-beta.1"
        }
      },
      {
        "package": "viper-kit",
        "repositoryURL": "https://github.com/binarybirds/viper-kit",
        "state": {
          "branch": null,
          "revision": "ec07c0bc2e45d3fc0de3d993d137bde3d24e3b3e",
          "version": "1.4.0-beta.1"
        }
      },
      {
        "package": "websocket-kit",
        "repositoryURL": "https://github.com/vapor/websocket-kit.git",
        "state": {
          "branch": null,
          "revision": "b0736014be634475dac4c23843811257d86dcdc1",
          "version": "2.1.1"
        }
      }
    ]
  },
  "version": 1
}
