{
  "originHash" : "dfdd4cb7e1f169620049bc54f6229c6060490beb5fbe53689801f8c37106e6b4",
  "pins" : [
    {
      "identity" : "swift-http-types",
      "kind" : "remoteSourceControl",
      "location" : "https://github.com/apple/swift-http-types",
      "state" : {
        "revision" : "45eb0224913ea070ec4fba17291b9e7ecf4749ca",
        "version" : "1.5.1"
      }
    },
    {
      "identity" : "swift-openapi-runtime",
      "kind" : "remoteSourceControl",
      "location" : "https://github.com/apple/swift-openapi-runtime",
      "state" : {
        "revision" : "7cdf33371bf89b23b9cf4fd3ce8d3c825c28fbe8",
        "version" : "1.9.0"
      }
    }
  ],
  "version" : 3
}
